
Microsoft Visual Studio Solution File, Format Version 12.00
# Visual Studio Version 17
VisualStudioVersion = 17.13.35931.197 d17.13
MinimumVisualStudioVersion = 10.0.40219.1
Project("{FAE04EC0-301F-11D3-BF4B-00C04F79EFBC}") = "PtaLab07", "PtaLab07.csproj", "{3479CA9C-50C5-409D-85E0-BF74F758540D}"
EndProject
Global
	GlobalSection(SolutionConfigurationPlatforms) = preSolution
		Debug|Any CPU = Debug|Any CPU
		Release|Any CPU = Release|Any CPU
	EndGlobalSection
	GlobalSection(ProjectConfigurationPlatforms) = postSolution
		{3479CA9C-50C5-409D-85E0-BF74F758540D}.Debug|Any CPU.ActiveCfg = Debug|Any CPU
		{3479CA9C-50C5-409D-85E0-BF74F758540D}.Debug|Any CPU.Build.0 = Debug|Any CPU
		{3479CA9C-50C5-409D-85E0-BF74F758540D}.Release|Any CPU.ActiveCfg = Release|Any CPU
		{3479CA9C-50C5-409D-85E0-BF74F758540D}.Release|Any CPU.Build.0 = Release|Any CPU
	EndGlobalSection
	GlobalSection(SolutionProperties) = preSolution
		HideSolutionNode = FALSE
	EndGlobalSection
	GlobalSection(ExtensibilityGlobals) = postSolution
		SolutionGuid = {0071912B-682F-4003-8A1A-F83FA10B07D4}
	EndGlobalSection
EndGlobal
