
Microsoft Visual Studio Solution File, Format Version 12.00
# Visual Studio Version 17
VisualStudioVersion = 17.13.35931.197 d17.13
MinimumVisualStudioVersion = 10.0.40219.1
Project("{FAE04EC0-301F-11D3-BF4B-00C04F79EFBC}") = "Myapp1", "Myapp1.csproj", "{D6909186-6028-4961-BE3A-74676313EAC8}"
EndProject
Global
	GlobalSection(SolutionConfigurationPlatforms) = preSolution
		Debug|Any CPU = Debug|Any CPU
		Release|Any CPU = Release|Any CPU
	EndGlobalSection
	GlobalSection(ProjectConfigurationPlatforms) = postSolution
		{D6909186-6028-4961-BE3A-74676313EAC8}.Debug|Any CPU.ActiveCfg = Debug|Any CPU
		{D6909186-6028-4961-BE3A-74676313EAC8}.Debug|Any CPU.Build.0 = Debug|Any CPU
		{D6909186-6028-4961-BE3A-74676313EAC8}.Release|Any CPU.ActiveCfg = Release|Any CPU
		{D6909186-6028-4961-BE3A-74676313EAC8}.Release|Any CPU.Build.0 = Release|Any CPU
	EndGlobalSection
	GlobalSection(SolutionProperties) = preSolution
		HideSolutionNode = FALSE
	EndGlobalSection
	GlobalSection(ExtensibilityGlobals) = postSolution
		SolutionGuid = {073A56DC-03BB-4AAF-B7DC-12D0F91A24B1}
	EndGlobalSection
EndGlobal
