
Microsoft Visual Studio Solution File, Format Version 12.00
# Visual Studio Version 17
VisualStudioVersion = 17.13.35931.197 d17.13
MinimumVisualStudioVersion = 10.0.40219.1
Project("{FAE04EC0-301F-11D3-BF4B-00C04F79EFBC}") = "PtaLab10", "PtaLab10.csproj", "{BC05A77B-0D94-4A78-98CA-56F8F7EAF7A8}"
EndProject
Global
	GlobalSection(SolutionConfigurationPlatforms) = preSolution
		Debug|Any CPU = Debug|Any CPU
		Release|Any CPU = Release|Any CPU
	EndGlobalSection
	GlobalSection(ProjectConfigurationPlatforms) = postSolution
		{BC05A77B-0D94-4A78-98CA-56F8F7EAF7A8}.Debug|Any CPU.ActiveCfg = Debug|Any CPU
		{BC05A77B-0D94-4A78-98CA-56F8F7EAF7A8}.Debug|Any CPU.Build.0 = Debug|Any CPU
		{BC05A77B-0D94-4A78-98CA-56F8F7EAF7A8}.Release|Any CPU.ActiveCfg = Release|Any CPU
		{BC05A77B-0D94-4A78-98CA-56F8F7EAF7A8}.Release|Any CPU.Build.0 = Release|Any CPU
	EndGlobalSection
	GlobalSection(SolutionProperties) = preSolution
		HideSolutionNode = FALSE
	EndGlobalSection
	GlobalSection(ExtensibilityGlobals) = postSolution
		SolutionGuid = {7BE435AC-C154-46C7-8DD5-F2E28FAF595F}
	EndGlobalSection
EndGlobal
