
Microsoft Visual Studio Solution File, Format Version 12.00
# Visual Studio Version 17
VisualStudioVersion = 17.13.35931.197 d17.13
MinimumVisualStudioVersion = 10.0.40219.1
Project("{FAE04EC0-301F-11D3-BF4B-00C04F79EFBC}") = "Lesson02", "Lesson02.csproj", "{8704EE6A-93C9-410F-B39D-A73BFDEF7EEC}"
EndProject
Global
	GlobalSection(SolutionConfigurationPlatforms) = preSolution
		Debug|Any CPU = Debug|Any CPU
		Release|Any CPU = Release|Any CPU
	EndGlobalSection
	GlobalSection(ProjectConfigurationPlatforms) = postSolution
		{8704EE6A-93C9-410F-B39D-A73BFDEF7EEC}.Debug|Any CPU.ActiveCfg = Debug|Any CPU
		{8704EE6A-93C9-410F-B39D-A73BFDEF7EEC}.Debug|Any CPU.Build.0 = Debug|Any CPU
		{8704EE6A-93C9-410F-B39D-A73BFDEF7EEC}.Release|Any CPU.ActiveCfg = Release|Any CPU
		{8704EE6A-93C9-410F-B39D-A73BFDEF7EEC}.Release|Any CPU.Build.0 = Release|Any CPU
	EndGlobalSection
	GlobalSection(SolutionProperties) = preSolution
		HideSolutionNode = FALSE
	EndGlobalSection
	GlobalSection(ExtensibilityGlobals) = postSolution
		SolutionGuid = {D3AFB764-5DBB-4D0D-AA76-0D3680D06492}
	EndGlobalSection
EndGlobal
