
Microsoft Visual Studio Solution File, Format Version 12.00
# Visual Studio Version 17
VisualStudioVersion = 17.13.35931.197 d17.13
MinimumVisualStudioVersion = 10.0.40219.1
Project("{FAE04EC0-301F-11D3-BF4B-00C04F79EFBC}") = "PhamTuanAnh_2310900003", "PhamTuanAnh_2310900003.csproj", "{535ABD09-1F3F-4C35-87FC-83DBF6FF7264}"
EndProject
Global
	GlobalSection(SolutionConfigurationPlatforms) = preSolution
		Debug|Any CPU = Debug|Any CPU
		Release|Any CPU = Release|Any CPU
	EndGlobalSection
	GlobalSection(ProjectConfigurationPlatforms) = postSolution
		{535ABD09-1F3F-4C35-87FC-83DBF6FF7264}.Debug|Any CPU.ActiveCfg = Debug|Any CPU
		{535ABD09-1F3F-4C35-87FC-83DBF6FF7264}.Debug|Any CPU.Build.0 = Debug|Any CPU
		{535ABD09-1F3F-4C35-87FC-83DBF6FF7264}.Release|Any CPU.ActiveCfg = Release|Any CPU
		{535ABD09-1F3F-4C35-87FC-83DBF6FF7264}.Release|Any CPU.Build.0 = Release|Any CPU
	EndGlobalSection
	GlobalSection(SolutionProperties) = preSolution
		HideSolutionNode = FALSE
	EndGlobalSection
	GlobalSection(ExtensibilityGlobals) = postSolution
		SolutionGuid = {1FAEA090-AE44-45F9-9E6F-AA3FDA83C39C}
	EndGlobalSection
EndGlobal
