
Microsoft Visual Studio Solution File, Format Version 12.00
# Visual Studio Version 17
VisualStudioVersion = 17.13.35931.197 d17.13
MinimumVisualStudioVersion = 10.0.40219.1
Project("{FAE04EC0-301F-11D3-BF4B-00C04F79EFBC}") = "PtaLesson04", "PtaLesson04.csproj", "{F2628F4D-F141-4FF5-B740-86C82CBC79E8}"
EndProject
Global
	GlobalSection(SolutionConfigurationPlatforms) = preSolution
		Debug|Any CPU = Debug|Any CPU
		Release|Any CPU = Release|Any CPU
	EndGlobalSection
	GlobalSection(ProjectConfigurationPlatforms) = postSolution
		{F2628F4D-F141-4FF5-B740-86C82CBC79E8}.Debug|Any CPU.ActiveCfg = Debug|Any CPU
		{F2628F4D-F141-4FF5-B740-86C82CBC79E8}.Debug|Any CPU.Build.0 = Debug|Any CPU
		{F2628F4D-F141-4FF5-B740-86C82CBC79E8}.Release|Any CPU.ActiveCfg = Release|Any CPU
		{F2628F4D-F141-4FF5-B740-86C82CBC79E8}.Release|Any CPU.Build.0 = Release|Any CPU
	EndGlobalSection
	GlobalSection(SolutionProperties) = preSolution
		HideSolutionNode = FALSE
	EndGlobalSection
	GlobalSection(ExtensibilityGlobals) = postSolution
		SolutionGuid = {B9AD053D-4339-4096-B50A-3B8D0B5C9FA1}
	EndGlobalSection
EndGlobal
